
Microsoft Visual Studio Solution File, Format Version 12.00
# Visual Studio Version 17
VisualStudioVersion = 17.6.33815.320
MinimumVisualStudioVersion = 10.0.40219.1
Project("{9A19103F-16F7-4668-BE54-9A1E7A4F7556}") = "Yesilcam.DATA", "Yesilcam.DATA\Yesilcam.DATA.csproj", "{F748B208-7D91-490A-A4F8-813AA525B78B}"
EndProject
Project("{9A19103F-16F7-4668-BE54-9A1E7A4F7556}") = "Yesilcam.REPO", "Yesilcam.REPO\Yesilcam.REPO.csproj", "{1B21A22E-EB2E-482E-8B4C-AA9F7DB9677F}"
EndProject
Project("{FAE04EC0-301F-11D3-BF4B-00C04F79EFBC}") = "Yesilcam.SERVICE", "Yesilcam.SERVICE\Yesilcam.SERVICE.csproj", "{F38B2F5A-AA1F-4939-9CEB-C0C9D2832E0B}"
EndProject
Global
	GlobalSection(SolutionConfigurationPlatforms) = preSolution
		Debug|Any CPU = Debug|Any CPU
		Release|Any CPU = Release|Any CPU
	EndGlobalSection
	GlobalSection(ProjectConfigurationPlatforms) = postSolution
		{F748B208-7D91-490A-A4F8-813AA525B78B}.Debug|Any CPU.ActiveCfg = Debug|Any CPU
		{F748B208-7D91-490A-A4F8-813AA525B78B}.Debug|Any CPU.Build.0 = Debug|Any CPU
		{F748B208-7D91-490A-A4F8-813AA525B78B}.Release|Any CPU.ActiveCfg = Release|Any CPU
		{F748B208-7D91-490A-A4F8-813AA525B78B}.Release|Any CPU.Build.0 = Release|Any CPU
		{1B21A22E-EB2E-482E-8B4C-AA9F7DB9677F}.Debug|Any CPU.ActiveCfg = Debug|Any CPU
		{1B21A22E-EB2E-482E-8B4C-AA9F7DB9677F}.Debug|Any CPU.Build.0 = Debug|Any CPU
		{1B21A22E-EB2E-482E-8B4C-AA9F7DB9677F}.Release|Any CPU.ActiveCfg = Release|Any CPU
		{1B21A22E-EB2E-482E-8B4C-AA9F7DB9677F}.Release|Any CPU.Build.0 = Release|Any CPU
		{F38B2F5A-AA1F-4939-9CEB-C0C9D2832E0B}.Debug|Any CPU.ActiveCfg = Debug|Any CPU
		{F38B2F5A-AA1F-4939-9CEB-C0C9D2832E0B}.Debug|Any CPU.Build.0 = Debug|Any CPU
		{F38B2F5A-AA1F-4939-9CEB-C0C9D2832E0B}.Release|Any CPU.ActiveCfg = Release|Any CPU
		{F38B2F5A-AA1F-4939-9CEB-C0C9D2832E0B}.Release|Any CPU.Build.0 = Release|Any CPU
	EndGlobalSection
	GlobalSection(SolutionProperties) = preSolution
		HideSolutionNode = FALSE
	EndGlobalSection
	GlobalSection(ExtensibilityGlobals) = postSolution
		SolutionGuid = {BB354F05-A476-4D99-9FE9-3FB90337DADF}
	EndGlobalSection
EndGlobal
